{
  "name": "create-next-example-app",
  "requires": true,
  "lockfileVersion": 1,
  "dependencies": {
    "hammerjs": {
      "version": "2.0.8",
      "resolved": "https://registry.npmjs.org/hammerjs/-/hammerjs-2.0.8.tgz",
      "integrity": "sha1-BO93hiz/K7edMPdpIJWTAiK/YPE="
    },
    "react-hammerjs": {
      "version": "1.0.1",
      "resolved": "https://registry.npmjs.org/react-hammerjs/-/react-hammerjs-1.0.1.tgz",
      "integrity": "sha1-vB7Z6e99oFcWP7FpzhKRe21sp9g=",
      "requires": {
        "hammerjs": "2.0.8"
      }
    }
  }
}
